# This is a Gradle generated file for dependency locking.
# Manual edits can break the build and are not advised.
# This file is expected to be part of source control.
aopalliance:aopalliance:1.0=orchidCompileClasspath,orchidRuntimeClasspath
com.eden.kodiak:common-formatter:0.5.1=orchidRuntimeClasspath
com.eden.kodiak:common-models:0.5.1=orchidRuntimeClasspath
com.eden.kodiak:common-runner:0.5.1=orchidRuntimeClasspath
com.eden.kodiak:dokka-models:0.5.1=orchidRuntimeClasspath
com.eden.kodiak:dokka-runner:0.5.1=orchidRuntimeClasspath
com.eden:Clog4j:2.0.7=orchidCompileClasspath,orchidRuntimeClasspath
com.eden:Clog:2.0.7=orchidCompileClasspath,orchidRuntimeClasspath
com.eden:Common:1.12.1=orchidCompileClasspath,orchidRuntimeClasspath
com.eden:dokka-models:0.2.4=orchidRuntimeClasspath
com.eden:dokka-runner:0.2.4=orchidRuntimeClasspath
com.eden:krow:0.1.13=orchidCompileClasspath,orchidRuntimeClasspath
com.fasterxml:classmate:1.3.4=orchidRuntimeClasspath
com.google.code.findbugs:jsr305:3.0.2=orchidCompileClasspath,orchidRuntimeClasspath
com.google.code.gson:gson:2.8.1=orchidRuntimeClasspath
com.google.errorprone:error_prone_annotations:2.2.0=orchidCompileClasspath,orchidRuntimeClasspath
com.google.guava:failureaccess:1.0.1=orchidCompileClasspath,orchidRuntimeClasspath
com.google.guava:guava:27.1-jre=orchidCompileClasspath,orchidRuntimeClasspath
com.google.guava:listenablefuture:9999.0-empty-to-avoid-conflict-with-guava=orchidCompileClasspath,orchidRuntimeClasspath
com.google.inject:guice:4.2.3=orchidCompileClasspath,orchidRuntimeClasspath
com.google.j2objc:j2objc-annotations:1.1=orchidCompileClasspath,orchidRuntimeClasspath
com.moandjiezana.toml:toml4j:0.7.2=orchidRuntimeClasspath
com.openhtmltopdf:openhtmltopdf-core:1.0.2=orchidRuntimeClasspath
com.openhtmltopdf:openhtmltopdf-pdfbox:1.0.2=orchidRuntimeClasspath
com.openhtmltopdf:openhtmltopdf-slf4j:1.0.2=orchidRuntimeClasspath
com.openhtmltopdf:openhtmltopdf-svg-support:1.0.2=orchidRuntimeClasspath
com.squareup.okhttp3:okhttp:4.7.2=orchidCompileClasspath,orchidRuntimeClasspath
com.squareup.okio:okio:2.6.0=orchidCompileClasspath,orchidRuntimeClasspath
com.univocity:univocity-parsers:2.8.4=orchidRuntimeClasspath
com.vladsch.flexmark:flexmark-ext-anchorlink:0.62.0=orchidRuntimeClasspath
com.vladsch.flexmark:flexmark-ext-aside:0.62.0=orchidRuntimeClasspath
com.vladsch.flexmark:flexmark-ext-attributes:0.62.0=orchidRuntimeClasspath
com.vladsch.flexmark:flexmark-ext-enumerated-reference:0.62.0=orchidRuntimeClasspath
com.vladsch.flexmark:flexmark-ext-gfm-strikethrough:0.62.0=orchidRuntimeClasspath
com.vladsch.flexmark:flexmark-ext-gfm-tasklist:0.62.0=orchidRuntimeClasspath
com.vladsch.flexmark:flexmark-ext-ins:0.62.0=orchidRuntimeClasspath
com.vladsch.flexmark:flexmark-ext-superscript:0.62.0=orchidRuntimeClasspath
com.vladsch.flexmark:flexmark-ext-tables:0.62.0=orchidRuntimeClasspath
com.vladsch.flexmark:flexmark-ext-toc:0.62.0=orchidRuntimeClasspath
com.vladsch.flexmark:flexmark-ext-wikilink:0.62.0=orchidRuntimeClasspath
com.vladsch.flexmark:flexmark-jira-converter:0.62.0=orchidRuntimeClasspath
com.vladsch.flexmark:flexmark-util-ast:0.62.0=orchidCompileClasspath,orchidRuntimeClasspath
com.vladsch.flexmark:flexmark-util-builder:0.62.0=orchidCompileClasspath,orchidRuntimeClasspath
com.vladsch.flexmark:flexmark-util-collection:0.62.0=orchidCompileClasspath,orchidRuntimeClasspath
com.vladsch.flexmark:flexmark-util-data:0.62.0=orchidCompileClasspath,orchidRuntimeClasspath
com.vladsch.flexmark:flexmark-util-dependency:0.62.0=orchidCompileClasspath,orchidRuntimeClasspath
com.vladsch.flexmark:flexmark-util-format:0.62.0=orchidCompileClasspath,orchidRuntimeClasspath
com.vladsch.flexmark:flexmark-util-html:0.62.0=orchidCompileClasspath,orchidRuntimeClasspath
com.vladsch.flexmark:flexmark-util-misc:0.62.0=orchidCompileClasspath,orchidRuntimeClasspath
com.vladsch.flexmark:flexmark-util-options:0.62.0=orchidRuntimeClasspath
com.vladsch.flexmark:flexmark-util-sequence:0.62.0=orchidCompileClasspath,orchidRuntimeClasspath
com.vladsch.flexmark:flexmark-util-visitor:0.62.0=orchidCompileClasspath,orchidRuntimeClasspath
com.vladsch.flexmark:flexmark-util:0.62.0=orchidRuntimeClasspath
com.vladsch.flexmark:flexmark:0.62.0=orchidCompileClasspath,orchidRuntimeClasspath
commons-io:commons-io:2.6=orchidCompileClasspath,orchidRuntimeClasspath
commons-logging:commons-logging:1.2=orchidRuntimeClasspath
de.rototor.pdfbox:graphics2d:0.25=orchidRuntimeClasspath
io.bit3:jsass:5.10.3=orchidRuntimeClasspath
io.github.classgraph:classgraph:4.8.47=orchidCompileClasspath,orchidRuntimeClasspath
io.github.javaeden.orchid:OrchidChangelog:0.21.1=orchidRuntimeClasspath
io.github.javaeden.orchid:OrchidCopper:0.21.1=orchidCompileClasspath,orchidImplementationCopy,orchidImplementationCopy2,orchidRuntimeClasspath
io.github.javaeden.orchid:OrchidCore:0.21.1=orchidCompileClasspath,orchidImplementationCopy,orchidImplementationCopy2,orchidRuntimeClasspath
io.github.javaeden.orchid:OrchidDiagrams:0.21.1=orchidRuntimeClasspath
io.github.javaeden.orchid:OrchidDocs:0.21.1=orchidRuntimeClasspath,orchidRuntimeOnlyCopy,orchidRuntimeOnlyCopy2
io.github.javaeden.orchid:OrchidEditorial:0.21.1=orchidRuntimeClasspath
io.github.javaeden.orchid:OrchidForms:0.21.1=orchidRuntimeClasspath
io.github.javaeden.orchid:OrchidGithub:0.21.1=orchidRuntimeClasspath,orchidRuntimeOnlyCopy,orchidRuntimeOnlyCopy2
io.github.javaeden.orchid:OrchidKotlindoc:0.21.1=orchidRuntimeClasspath,orchidRuntimeOnlyCopy,orchidRuntimeOnlyCopy2
io.github.javaeden.orchid:OrchidPages:0.21.1=orchidRuntimeClasspath
io.github.javaeden.orchid:OrchidPluginDocs:0.21.1=orchidRuntimeClasspath,orchidRuntimeOnlyCopy,orchidRuntimeOnlyCopy2
io.github.javaeden.orchid:OrchidSearch:0.21.1=orchidRuntimeClasspath
io.github.javaeden.orchid:OrchidSnippets:0.21.1=orchidRuntimeClasspath,orchidRuntimeOnlyCopy,orchidRuntimeOnlyCopy2
io.github.javaeden.orchid:OrchidSourceDoc:0.21.1=orchidRuntimeClasspath
io.github.javaeden.orchid:OrchidSyntaxHighlighter:0.21.1=orchidRuntimeClasspath
io.github.javaeden.orchid:OrchidWiki:0.21.1=orchidRuntimeClasspath
io.pebbletemplates:pebble:3.1.4=orchidRuntimeClasspath
jakarta.validation:jakarta.validation-api:2.0.2=orchidRuntimeClasspath
javax.inject:javax.inject:1=orchidCompileClasspath,orchidRuntimeClasspath
javax.validation:validation-api:2.0.1.Final=orchidCompileClasspath,orchidRuntimeClasspath
junit:junit:4.12=orchidRuntimeClasspath
net.coobird:thumbnailator:0.4.11=orchidCompileClasspath,orchidRuntimeClasspath
net.sourceforge.plantuml:plantuml:1.2020.10=orchidRuntimeClasspath
org.apache.commons:commons-lang3:3.10=orchidCompileClasspath,orchidRuntimeClasspath
org.apache.commons:commons-text:1.8=orchidCompileClasspath,orchidRuntimeClasspath
org.apache.pdfbox:fontbox:2.0.19=orchidRuntimeClasspath
org.apache.pdfbox:pdfbox:2.0.19=orchidRuntimeClasspath
org.apache.pdfbox:xmpbox:2.0.19=orchidRuntimeClasspath
org.apache.xmlgraphics:batik-anim:1.12=orchidRuntimeClasspath
org.apache.xmlgraphics:batik-awt-util:1.12=orchidRuntimeClasspath
org.apache.xmlgraphics:batik-bridge:1.12=orchidRuntimeClasspath
org.apache.xmlgraphics:batik-codec:1.12=orchidRuntimeClasspath
org.apache.xmlgraphics:batik-constants:1.12=orchidRuntimeClasspath
org.apache.xmlgraphics:batik-css:1.12=orchidRuntimeClasspath
org.apache.xmlgraphics:batik-dom:1.12=orchidRuntimeClasspath
org.apache.xmlgraphics:batik-ext:1.12=orchidRuntimeClasspath
org.apache.xmlgraphics:batik-gvt:1.12=orchidRuntimeClasspath
org.apache.xmlgraphics:batik-i18n:1.12=orchidRuntimeClasspath
org.apache.xmlgraphics:batik-parser:1.12=orchidRuntimeClasspath
org.apache.xmlgraphics:batik-script:1.12=orchidRuntimeClasspath
org.apache.xmlgraphics:batik-svg-dom:1.12=orchidRuntimeClasspath
org.apache.xmlgraphics:batik-svggen:1.12=orchidRuntimeClasspath
org.apache.xmlgraphics:batik-transcoder:1.12=orchidRuntimeClasspath
org.apache.xmlgraphics:batik-util:1.12=orchidRuntimeClasspath
org.apache.xmlgraphics:batik-xml:1.12=orchidRuntimeClasspath
org.apache.xmlgraphics:xmlgraphics-commons:2.4=orchidRuntimeClasspath
org.apiguardian:apiguardian-api:1.1.0=testImplementationCopy
org.checkerframework:checker-qual:2.5.2=orchidCompileClasspath,orchidRuntimeClasspath
org.codehaus.mojo:animal-sniffer-annotations:1.17=orchidCompileClasspath,orchidRuntimeClasspath
org.fusesource.jansi:jansi:1.14=orchidCompileClasspath,orchidRuntimeClasspath
org.glassfish:javax.el:3.0.1-b11=orchidRuntimeClasspath
org.hamcrest:hamcrest-core:1.3=orchidRuntimeClasspath
org.hibernate.validator:hibernate-validator:6.1.5.Final=orchidRuntimeClasspath
org.jboss.logging:jboss-logging:3.3.2.Final=orchidRuntimeClasspath
org.jetbrains.intellij.deps:trove4j:1.0.20181211=kotlinCompilerClasspath
org.jetbrains.kotlin:kotlin-bom:1.4.21-2=defaultCopy,implementationCopy,implementationCopy2,runtimeElements-publishedCopy,runtimeElementsCopy,testImplementationCopy,testImplementationCopy2
org.jetbrains.kotlin:kotlin-compiler-embeddable:1.4.21-2=kotlinCompilerClasspath,kotlinCompilerClasspathCopy
org.jetbrains.kotlin:kotlin-daemon-embeddable:1.4.21-2=kotlinCompilerClasspath
org.jetbrains.kotlin:kotlin-klib-commonizer-embeddable:1.4.21-2=kotlinKlibCommonizerClasspathCopy
org.jetbrains.kotlin:kotlin-reflect:1.3.50=orchidRuntimeClasspath
org.jetbrains.kotlin:kotlin-reflect:1.4.21-2=kotlinCompilerClasspath
org.jetbrains.kotlin:kotlin-script-runtime:1.4.21-2=kotlinCompilerClasspath,kotlinCompilerPluginClasspath
org.jetbrains.kotlin:kotlin-scripting-common:1.4.21-2=kotlinCompilerPluginClasspath
org.jetbrains.kotlin:kotlin-scripting-compiler-embeddable:1.4.21-2=kotlinCompilerPluginClasspath,kotlinCompilerPluginClasspathCopy,kotlinCompilerPluginClasspathCopy2
org.jetbrains.kotlin:kotlin-scripting-compiler-impl-embeddable:1.4.21-2=kotlinCompilerPluginClasspath
org.jetbrains.kotlin:kotlin-scripting-jvm:1.4.21-2=kotlinCompilerPluginClasspath
org.jetbrains.kotlin:kotlin-stdlib-common:1.4.21-2=kotlinCompilerClasspath,kotlinCompilerPluginClasspath,orchidCompileClasspath,orchidRuntimeClasspath
org.jetbrains.kotlin:kotlin-stdlib-jdk7:1.4.21-2=orchidCompileClasspath,orchidRuntimeClasspath
org.jetbrains.kotlin:kotlin-stdlib-jdk8:1.4.21-2=apiCopy,orchidApiCopy,orchidCompileClasspath,orchidRuntimeClasspath,testApiCopy
org.jetbrains.kotlin:kotlin-stdlib:1.4.21-2=kotlinCompilerClasspath,kotlinCompilerPluginClasspath,orchidCompileClasspath,orchidRuntimeClasspath
org.jetbrains.kotlinx:kotlinx-coroutines-bom:1.4.2=implementationCopy,implementationCopy2,testImplementationCopy
org.jetbrains.kotlinx:kotlinx-coroutines-core:1.3.7=kotlinCompilerPluginClasspath
org.jetbrains.kotlinx:kotlinx-serialization-runtime:0.12.0=orchidRuntimeClasspath
org.jetbrains:annotations:13.0=kotlinCompilerClasspath,kotlinCompilerPluginClasspath
org.jetbrains:annotations:15.0=orchidCompileClasspath,orchidRuntimeClasspath
org.json:json:20180813=orchidCompileClasspath,orchidRuntimeClasspath
org.jsoup:jsoup:1.13.1=orchidRuntimeClasspath
org.junit.jupiter:junit-jupiter-api:5.7.0=testImplementationCopy,testImplementationCopy2
org.junit.jupiter:junit-jupiter-engine:5.7.0=testRuntimeOnlyCopy2
org.junit.platform:junit-platform-commons:1.7.0=testImplementationCopy
org.junit:junit-bom:5.7.0=testImplementationCopy,testImplementationCopy2
org.nanohttpd:nanohttpd-websocket:2.3.1=orchidRuntimeClasspath
org.nanohttpd:nanohttpd:2.3.1=orchidRuntimeClasspath
org.opentest4j:opentest4j:1.2.0=testImplementationCopy
org.pygments:pygments:2.4.2=orchidRuntimeClasspath
org.python:jython-standalone:2.7.2=orchidRuntimeClasspath
org.sharegov:mjson:1.4.1=orchidRuntimeClasspath
org.slf4j:slf4j-api:1.7.22=orchidCompileClasspath
org.slf4j:slf4j-api:1.7.28=orchidRuntimeClasspath
org.unbescape:unbescape:1.1.6.RELEASE=orchidRuntimeClasspath
org.yaml:snakeyaml:1.26=orchidRuntimeClasspath
xalan:serializer:2.7.2=orchidRuntimeClasspath
xalan:xalan:2.7.2=orchidRuntimeClasspath
xml-apis:xml-apis-ext:1.3.04=orchidRuntimeClasspath
xml-apis:xml-apis:1.4.01=orchidRuntimeClasspath
empty=annotationProcessorCopy,apiElements-publishedCopy,apiElementsCopy,archivesCopy,compileCopy,kotlinNativeCompilerPluginClasspathCopy,orchidCompileCopy,orchidCopy,orchidRuntimeCopy,runtimeCopy,runtimeOnlyCopy,sourceArtifactsCopy,testCompileCopy,testRuntimeCopy
