# This is a Gradle generated file for dependency locking.
# Manual edits can break the build and are not advised.
# This file is expected to be part of source control.
com.adarshr.test-logger:com.adarshr.test-logger.gradle.plugin:2.1.1
com.adarshr:gradle-test-logger-plugin:2.1.1
com.fasterxml.jackson:jackson-bom:2.9.9.20190807
com.github.ben-manes.versions:com.github.ben-manes.versions.gradle.plugin:0.36.0
com.github.ben-manes:gradle-versions-plugin:0.36.0
com.github.gundy:semver4j:0.16.4
com.github.zafarkhaja:java-semver:0.9.0
com.google.code.gson:gson:2.8.6
com.googlecode.javaewah:JavaEWAH:1.1.6
com.jcraft:jsch:0.1.54
com.jcraft:jzlib:1.1.1
com.netflix.nebula:nebula-release-plugin:15.0.1
com.pinterest.ktlint:ktlint-core:0.40.0
com.pinterest.ktlint:ktlint-reporter-checkstyle:0.40.0
com.pinterest.ktlint:ktlint-reporter-html:0.40.0
com.pinterest.ktlint:ktlint-reporter-json:0.40.0
com.pinterest.ktlint:ktlint-reporter-plain:0.40.0
com.pinterest.ktlint:ktlint-ruleset-experimental:0.40.0
com.pinterest.ktlint:ktlint-ruleset-standard:0.40.0
com.thoughtworks.xstream:xstream:1.4.10
de.undercouch:gradle-download-task:4.0.2
info.solidsoft.gradle.pitest:gradle-pitest-plugin:1.5.0
info.solidsoft.pitest:info.solidsoft.pitest.gradle.plugin:1.5.0
nebula.release:nebula.release.gradle.plugin:15.0.1
org.ajoberstar.grgit:grgit-core:3.1.1
org.antlr:antlr4-runtime:4.5.2-1
org.bouncycastle:bcpg-jdk15on:1.60
org.bouncycastle:bcpkix-jdk15on:1.60
org.bouncycastle:bcprov-jdk15on:1.60
org.ec4j.core:ec4j-core:0.2.2
org.eclipse.jgit:org.eclipse.jgit:5.3.0.201903130848-r
org.fusesource.jansi:jansi:1.18
org.jetbrains.intellij.deps:trove4j:1.0.20181211
org.jetbrains.kotlin.jvm:org.jetbrains.kotlin.jvm.gradle.plugin:1.4.21-2
org.jetbrains.kotlin:kotlin-android-extensions:1.4.21-2
org.jetbrains.kotlin:kotlin-annotation-processing-gradle:1.4.21-2
org.jetbrains.kotlin:kotlin-build-common:1.4.21-2
org.jetbrains.kotlin:kotlin-compiler-embeddable:1.4.21-2
org.jetbrains.kotlin:kotlin-compiler-runner:1.4.21-2
org.jetbrains.kotlin:kotlin-daemon-client:1.4.21-2
org.jetbrains.kotlin:kotlin-daemon-embeddable:1.4.21-2
org.jetbrains.kotlin:kotlin-gradle-plugin-api:1.4.21-2
org.jetbrains.kotlin:kotlin-gradle-plugin-model:1.4.21-2
org.jetbrains.kotlin:kotlin-gradle-plugin:1.4.21-2
org.jetbrains.kotlin:kotlin-reflect:1.3.72
org.jetbrains.kotlin:kotlin-script-runtime:1.4.21-2
org.jetbrains.kotlin:kotlin-scripting-common:1.4.21-2
org.jetbrains.kotlin:kotlin-scripting-compiler-embeddable:1.4.21-2
org.jetbrains.kotlin:kotlin-scripting-compiler-impl-embeddable:1.4.21-2
org.jetbrains.kotlin:kotlin-scripting-jvm:1.4.21-2
org.jetbrains.kotlin:kotlin-stdlib-common:1.3.72
org.jetbrains.kotlin:kotlin-stdlib-jdk7:1.3.72
org.jetbrains.kotlin:kotlin-stdlib-jdk8:1.3.72
org.jetbrains.kotlin:kotlin-stdlib:1.3.72
org.jetbrains.kotlin:kotlin-util-io:1.4.21-2
org.jetbrains.kotlin:kotlin-util-klib:1.4.21-2
org.jetbrains.kotlinx:kotlinx-coroutines-core:1.3.7
org.jetbrains:annotations:13.0
org.jmailen.gradle:kotlinter-gradle:3.3.0
org.jmailen.kotlinter:org.jmailen.kotlinter.gradle.plugin:3.3.0
org.slf4j:slf4j-api:1.7.2
xmlpull:xmlpull:1.1.3.1
xpp3:xpp3_min:1.1.4c
