# This is a Gradle generated file for dependency locking.
# Manual edits can break the build and are not advised.
# This file is expected to be part of source control.
com.beust:jcommander:1.35
com.googlecode.concurrentlinkedhashmap:concurrentlinkedhashmap-lru:1.4.2
com.googlecode.json-simple:json-simple:1.1.1
com.orientechnologies:orientdb-core:2.2.34
com.vladsch.flexmark:flexmark-ext-abbreviation:0.32.24
com.vladsch.flexmark:flexmark-ext-anchorlink:0.32.24
com.vladsch.flexmark:flexmark-ext-aside:0.32.24
com.vladsch.flexmark:flexmark-ext-autolink:0.32.24
com.vladsch.flexmark:flexmark-ext-definition:0.32.24
com.vladsch.flexmark:flexmark-ext-emoji:0.32.24
com.vladsch.flexmark:flexmark-ext-escaped-character:0.32.24
com.vladsch.flexmark:flexmark-ext-footnotes:0.32.24
com.vladsch.flexmark:flexmark-ext-gfm-strikethrough:0.32.24
com.vladsch.flexmark:flexmark-ext-gfm-tasklist:0.32.24
com.vladsch.flexmark:flexmark-ext-ins:0.32.24
com.vladsch.flexmark:flexmark-ext-jekyll-front-matter:0.32.24
com.vladsch.flexmark:flexmark-ext-superscript:0.32.24
com.vladsch.flexmark:flexmark-ext-tables:0.32.24
com.vladsch.flexmark:flexmark-ext-toc:0.32.24
com.vladsch.flexmark:flexmark-ext-typographic:0.32.24
com.vladsch.flexmark:flexmark-ext-wikilink:0.32.24
com.vladsch.flexmark:flexmark-ext-yaml-front-matter:0.32.24
com.vladsch.flexmark:flexmark-formatter:0.32.24
com.vladsch.flexmark:flexmark-jira-converter:0.32.24
com.vladsch.flexmark:flexmark-profile-pegdown:0.32.24
com.vladsch.flexmark:flexmark-util:0.32.24
com.vladsch.flexmark:flexmark:0.32.24
commons-collections:commons-collections:3.2.2
commons-configuration:commons-configuration:1.10
commons-io:commons-io:2.6
commons-lang:commons-lang:2.6
commons-logging:commons-logging:1.1.1
de.neuland-bfi:jade4j:1.2.7
net.java.dev.jna:jna-platform:4.5.0
net.java.dev.jna:jna:4.5.0
ognl:ognl:3.1.12
org.apache.commons:commons-jexl:2.1.1
org.apache.commons:commons-lang3:3.7
org.asciidoctor:asciidoctorj:1.5.6
org.attoparser:attoparser:2.0.4.RELEASE
org.codehaus.groovy:groovy-templates:2.4.15
org.codehaus.groovy:groovy-xml:2.4.15
org.codehaus.groovy:groovy:2.4.15
org.freemarker:freemarker:2.3.28
org.javassist:javassist:3.20.0-GA
org.jbake:jbake-core:2.6.1
org.jruby:jruby-complete:1.7.26
org.jsoup:jsoup:1.11.2
org.nibor.autolink:autolink:0.6.0
org.ow2.asm:asm-analysis:5.0.3
org.ow2.asm:asm-tree:5.0.3
org.ow2.asm:asm-util:5.0.3
org.ow2.asm:asm:5.0.3
org.parboiled:parboiled-core:1.1.7
org.parboiled:parboiled-java:1.1.7
org.pegdown:pegdown:1.6.0
org.slf4j:jul-to-slf4j:1.7.25
org.slf4j:slf4j-api:1.7.25
org.thymeleaf:thymeleaf:3.0.9.RELEASE
org.unbescape:unbescape:1.1.5.RELEASE
org.xerial.snappy:snappy-java:1.1.0.1
