# This is a Gradle generated file for dependency locking.
# Manual edits can break the build and are not advised.
# This file is expected to be part of source control.
org.jetbrains.kotlin:kotlin-reflect:1.2.71
org.jetbrains.kotlin:kotlin-stdlib-common:1.2.71
org.jetbrains.kotlin:kotlin-stdlib:1.2.71
org.jetbrains.kotlinx:atomicfu-common:0.11.5
org.jetbrains.kotlinx:kotlinx-coroutines-core-common:0.26.1
org.jetbrains.kotlinx:kotlinx-coroutines-core:0.26.1
org.jetbrains:annotations:13.0
org.opentest4j:opentest4j:1.1.1
