# This is a Gradle generated file for dependency locking.
# Manual edits can break the build and are not advised.
# This file is expected to be part of source control.
org.apiguardian:apiguardian-api:1.0.0
org.jetbrains.kotlin:kotlin-reflect:1.2.51
org.jetbrains.kotlin:kotlin-stdlib-common:1.2.51
org.jetbrains.kotlin:kotlin-stdlib:1.2.51
org.jetbrains:annotations:13.0
org.junit.jupiter:junit-jupiter-api:5.2.0
org.junit.platform:junit-platform-commons:1.2.0
org.opentest4j:opentest4j:1.1.0
org.spekframework.spek2:spek-dsl-common:2.0.0-alpha.1
org.spekframework.spek2:spek-dsl-jvm:2.0.0-alpha.1
