# This is a Gradle generated file for dependency locking.
# Manual edits can break the build and are not advised.
# This file is expected to be part of source control.
com.oneeyedmen:minutest:0.17.0
junit:junit:4.12
org.apiguardian:apiguardian-api:1.0.0
org.hamcrest:hamcrest-core:1.3
org.jetbrains.kotlin:kotlin-reflect:1.3.0
org.jetbrains.kotlin:kotlin-stdlib-common:1.3.0
org.jetbrains.kotlin:kotlin-stdlib-jdk7:1.2.71
org.jetbrains.kotlin:kotlin-stdlib-jdk8:1.2.71
org.jetbrains.kotlin:kotlin-stdlib:1.3.0
org.jetbrains:annotations:13.0
org.junit.jupiter:junit-jupiter-api:5.3.1
org.junit.jupiter:junit-jupiter-engine:5.3.1
org.junit.platform:junit-platform-commons:1.3.1
org.junit.platform:junit-platform-engine:1.3.1
org.junit.vintage:junit-vintage-engine:5.3.1
org.opentest4j:opentest4j:1.1.1
